<Solution>
  <Folder Name="/00 UI/">
    <Project Path="Pezza.BackEnd/Pezza.Portal.csproj" />
  </Folder>
  <Folder Name="/01 Apis/">
    <Project Path="Pezza.Api/Pezza.Api.csproj" />
  </Folder>
  <Folder Name="/02 Core/">
    <Project Path="Pezza.Core/Pezza.Core.csproj" />
  </Folder>
  <Folder Name="/03 Database/">
    <Project Path="Pezza.DataAccess/Pezza.DataAccess.csproj" />
    <Project Path="DbUp.Migrations/DbUp.Migrations.csproj" />
  </Folder>
  <Folder Name="/04 Common/">
    <Project Path="Pezza.Common/Pezza.Common.csproj" />
  </Folder>
  <Folder Name="/05 Tests/">
    <Project Path="Pezza.Test/Pezza.Test.csproj" />
  </Folder>
  <Folder Name="/06 Scheduler/">
    <Project Path="Pezza.Scheduler/Pezza.Scheduler.csproj" />
  </Folder>
  <Folder Name="/07 AspireHost/">
    <Project Path="AspireHost/AspireHost.csproj" />
  </Folder>
</Solution>
