Microsoft Visual Studio Solution File, Format Version 12.00
# Visual Studio Version 17
VisualStudioVersion = 17.2.32314.265
MinimumVisualStudioVersion = 10.0.40219.1
Project("{2150E333-8FDC-42A3-9474-1A3956D46DE8}") = "05 Tests", "05 Tests", "{2446A02E-3196-4A9D-93FE-2F18F093A466}"
EndProject
Project("{2150E333-8FDC-42A3-9474-1A3956D46DE8}") = "03 Database", "03 Database", "{4D8B72C8-5089-4064-847F-5B1D41D9EA6F}"
EndProject
Project("{2150E333-8FDC-42A3-9474-1A3956D46DE8}") = "02 Core", "02 Core", "{D8B05A7F-DABF-4E75-AC93-CE78506AE9DC}"
EndProject
Project("{2150E333-8FDC-42A3-9474-1A3956D46DE8}") = "04 Common", "04 Common", "{64BEE539-3166-40B4-A75F-71DC40D29A61}"
EndProject
Project("{2150E333-8FDC-42A3-9474-1A3956D46DE8}") = "01 Apis", "01 Apis", "{62BBBDBE-A110-4A76-AD08-520728FE86E0}"
EndProject
Project("{9A19103F-16F7-4668-BE54-9A1E7A4F7556}") = "Pezza.DataAccess", "Pezza.DataAccess\Pezza.DataAccess.csproj", "{FE42CB6B-CB36-40E0-8624-43D9E60BF918}"
EndProject
Project("{9A19103F-16F7-4668-BE54-9A1E7A4F7556}") = "Pezza.Core", "Pezza.Core\Pezza.Core.csproj", "{A5CA9EDE-B766-4B76-8316-69BFE7FB10E2}"
EndProject
Project("{9A19103F-16F7-4668-BE54-9A1E7A4F7556}") = "Pezza.Common", "Pezza.Common\Pezza.Common.csproj", "{863C4B29-22B7-4029-81C9-76D109A9CB10}"
EndProject
Project("{9A19103F-16F7-4668-BE54-9A1E7A4F7556}") = "Pezza.Test", "Pezza.Test\Pezza.Test.csproj", "{0EECBAFB-4CE5-4FC7-A883-3CFE86F732C5}"
EndProject
Project("{9A19103F-16F7-4668-BE54-9A1E7A4F7556}") = "Pezza.Api", "Pezza.Api\Pezza.Api.csproj", "{9F59AFC2-4EF6-4954-967B-2B45124491BA}"
EndProject
Project("{2150E333-8FDC-42A3-9474-1A3956D46DE8}") = "Solution Items", "Solution Items", "{30EA8D6A-A152-441E-85AB-A39B51011B5E}"
	ProjectSection(SolutionItems) = preProject
		StyleCopRuleSet.ruleset = StyleCopRuleSet.ruleset
	EndProjectSection
EndProject
Project("{9A19103F-16F7-4668-BE54-9A1E7A4F7556}") = "Pezza.Scheduler", "Pezza.Scheduler\Pezza.Scheduler.csproj", "{9F082ECC-4594-49FC-AAD1-117F6F6E253B}"
EndProject
Project("{2150E333-8FDC-42A3-9474-1A3956D46DE8}") = "00 UI", "00 UI", "{3EB11287-4FC9-4A12-B0A8-7308946C86DE}"
EndProject
Project("{9A19103F-16F7-4668-BE54-9A1E7A4F7556}") = "Pezza.Portal", "Pezza.BackEnd\Pezza.Portal.csproj", "{4E5CDDC1-97CA-4808-8D0B-31F9E8880124}"
EndProject
Global
	GlobalSection(SolutionConfigurationPlatforms) = preSolution
		Debug|Any CPU = Debug|Any CPU
		Release|Any CPU = Release|Any CPU
	EndGlobalSection
	GlobalSection(ProjectConfigurationPlatforms) = postSolution
		{FE42CB6B-CB36-40E0-8624-43D9E60BF918}.Debug|Any CPU.ActiveCfg = Debug|Any CPU
		{FE42CB6B-CB36-40E0-8624-43D9E60BF918}.Debug|Any CPU.Build.0 = Debug|Any CPU
		{FE42CB6B-CB36-40E0-8624-43D9E60BF918}.Release|Any CPU.ActiveCfg = Release|Any CPU
		{FE42CB6B-CB36-40E0-8624-43D9E60BF918}.Release|Any CPU.Build.0 = Release|Any CPU
		{A5CA9EDE-B766-4B76-8316-69BFE7FB10E2}.Debug|Any CPU.ActiveCfg = Debug|Any CPU
		{A5CA9EDE-B766-4B76-8316-69BFE7FB10E2}.Debug|Any CPU.Build.0 = Debug|Any CPU
		{A5CA9EDE-B766-4B76-8316-69BFE7FB10E2}.Release|Any CPU.ActiveCfg = Release|Any CPU
		{A5CA9EDE-B766-4B76-8316-69BFE7FB10E2}.Release|Any CPU.Build.0 = Release|Any CPU
		{863C4B29-22B7-4029-81C9-76D109A9CB10}.Debug|Any CPU.ActiveCfg = Debug|Any CPU
		{863C4B29-22B7-4029-81C9-76D109A9CB10}.Debug|Any CPU.Build.0 = Debug|Any CPU
		{863C4B29-22B7-4029-81C9-76D109A9CB10}.Release|Any CPU.ActiveCfg = Release|Any CPU
		{863C4B29-22B7-4029-81C9-76D109A9CB10}.Release|Any CPU.Build.0 = Release|Any CPU
		{0EECBAFB-4CE5-4FC7-A883-3CFE86F732C5}.Debug|Any CPU.ActiveCfg = Debug|Any CPU
		{0EECBAFB-4CE5-4FC7-A883-3CFE86F732C5}.Debug|Any CPU.Build.0 = Debug|Any CPU
		{0EECBAFB-4CE5-4FC7-A883-3CFE86F732C5}.Release|Any CPU.ActiveCfg = Release|Any CPU
		{0EECBAFB-4CE5-4FC7-A883-3CFE86F732C5}.Release|Any CPU.Build.0 = Release|Any CPU
		{9F59AFC2-4EF6-4954-967B-2B45124491BA}.Debug|Any CPU.ActiveCfg = Debug|Any CPU
		{9F59AFC2-4EF6-4954-967B-2B45124491BA}.Debug|Any CPU.Build.0 = Debug|Any CPU
		{9F59AFC2-4EF6-4954-967B-2B45124491BA}.Release|Any CPU.ActiveCfg = Release|Any CPU
		{9F59AFC2-4EF6-4954-967B-2B45124491BA}.Release|Any CPU.Build.0 = Release|Any CPU
		{9F082ECC-4594-49FC-AAD1-117F6F6E253B}.Debug|Any CPU.ActiveCfg = Debug|Any CPU
		{9F082ECC-4594-49FC-AAD1-117F6F6E253B}.Debug|Any CPU.Build.0 = Debug|Any CPU
		{9F082ECC-4594-49FC-AAD1-117F6F6E253B}.Release|Any CPU.ActiveCfg = Release|Any CPU
		{9F082ECC-4594-49FC-AAD1-117F6F6E253B}.Release|Any CPU.Build.0 = Release|Any CPU
		{4E5CDDC1-97CA-4808-8D0B-31F9E8880124}.Debug|Any CPU.ActiveCfg = Debug|Any CPU
		{4E5CDDC1-97CA-4808-8D0B-31F9E8880124}.Debug|Any CPU.Build.0 = Debug|Any CPU
		{4E5CDDC1-97CA-4808-8D0B-31F9E8880124}.Release|Any CPU.ActiveCfg = Release|Any CPU
		{4E5CDDC1-97CA-4808-8D0B-31F9E8880124}.Release|Any CPU.Build.0 = Release|Any CPU
	EndGlobalSection
	GlobalSection(SolutionProperties) = preSolution
		HideSolutionNode = FALSE
	EndGlobalSection
	GlobalSection(NestedProjects) = preSolution
		{FE42CB6B-CB36-40E0-8624-43D9E60BF918} = {4D8B72C8-5089-4064-847F-5B1D41D9EA6F}
		{A5CA9EDE-B766-4B76-8316-69BFE7FB10E2} = {D8B05A7F-DABF-4E75-AC93-CE78506AE9DC}
		{863C4B29-22B7-4029-81C9-76D109A9CB10} = {64BEE539-3166-40B4-A75F-71DC40D29A61}
		{0EECBAFB-4CE5-4FC7-A883-3CFE86F732C5} = {2446A02E-3196-4A9D-93FE-2F18F093A466}
		{9F59AFC2-4EF6-4954-967B-2B45124491BA} = {62BBBDBE-A110-4A76-AD08-520728FE86E0}
		{9F082ECC-4594-49FC-AAD1-117F6F6E253B} = {62BBBDBE-A110-4A76-AD08-520728FE86E0}
		{4E5CDDC1-97CA-4808-8D0B-31F9E8880124} = {3EB11287-4FC9-4A12-B0A8-7308946C86DE}
	EndGlobalSection
	GlobalSection(ExtensibilityGlobals) = postSolution
		SolutionGuid = {57A0043C-1F66-4E43-8043-3160E3101416}
	EndGlobalSection
EndGlobal
